
Microsoft Visual Studio Solution File, Format Version 12.00
# Visual Studio 2012
Project("{FAE04EC0-301F-11D3-BF4B-00C04F79EFBC}") = "WebLibSBGNRenderComparison", "WebLibSBGNRenderComparison.csproj", "{43089AA4-C701-4680-8818-FEF6844D7BB9}"
EndProject
Project("{FAE04EC0-301F-11D3-BF4B-00C04F79EFBC}") = "SBMLExtension-vs2010", "..\sbwBuild\source\SBMLLayout\SBMLExtension\SBMLExtension-vs2010.csproj", "{E49AE416-878F-4249-8E05-69486641C77C}"
EndProject
Project("{FAE04EC0-301F-11D3-BF4B-00C04F79EFBC}") = "MvcLayout", "..\sbwBuild\source\SBMLLayout\MvcLayout\MvcLayout.csproj", "{B0F1E5BA-DA66-401F-BE30-1D31EFD84365}"
EndProject
Global
	GlobalSection(SolutionConfigurationPlatforms) = preSolution
		Debug|Any CPU = Debug|Any CPU
		Release|Any CPU = Release|Any CPU
	EndGlobalSection
	GlobalSection(ProjectConfigurationPlatforms) = postSolution
		{43089AA4-C701-4680-8818-FEF6844D7BB9}.Debug|Any CPU.ActiveCfg = Debug|Any CPU
		{43089AA4-C701-4680-8818-FEF6844D7BB9}.Debug|Any CPU.Build.0 = Debug|Any CPU
		{43089AA4-C701-4680-8818-FEF6844D7BB9}.Release|Any CPU.ActiveCfg = Release|Any CPU
		{43089AA4-C701-4680-8818-FEF6844D7BB9}.Release|Any CPU.Build.0 = Release|Any CPU
		{E49AE416-878F-4249-8E05-69486641C77C}.Debug|Any CPU.ActiveCfg = Debug|Any CPU
		{E49AE416-878F-4249-8E05-69486641C77C}.Debug|Any CPU.Build.0 = Debug|Any CPU
		{E49AE416-878F-4249-8E05-69486641C77C}.Release|Any CPU.ActiveCfg = Release|Any CPU
		{E49AE416-878F-4249-8E05-69486641C77C}.Release|Any CPU.Build.0 = Release|Any CPU
		{B0F1E5BA-DA66-401F-BE30-1D31EFD84365}.Debug|Any CPU.ActiveCfg = Debug|Any CPU
		{B0F1E5BA-DA66-401F-BE30-1D31EFD84365}.Debug|Any CPU.Build.0 = Debug|Any CPU
		{B0F1E5BA-DA66-401F-BE30-1D31EFD84365}.Release|Any CPU.ActiveCfg = Release|Any CPU
		{B0F1E5BA-DA66-401F-BE30-1D31EFD84365}.Release|Any CPU.Build.0 = Release|Any CPU
	EndGlobalSection
	GlobalSection(SolutionProperties) = preSolution
		HideSolutionNode = FALSE
	EndGlobalSection
EndGlobal
